// !$*UTF8*$!
{
	archiveVersion = 1;
	classes = {
	};
	objectVersion = 55;
	objects = {

/* Begin PBXBuildFile section */
		12BA58D0A16863E75B0B58D0 /* SettingsView.swift in Sources */ = {isa = PBXBuildFile; fileRef = 8D808A0DFDF588129014E529 /* SettingsView.swift */; };
		1B0D71B2E71DB92DFE3BC370 /* ToastView.swift in Sources */ = {isa = PBXBuildFile; fileRef = E911DBDC66F64D4F24D5257E /* ToastView.swift */; };
		1EAE9CDF0F23F30A0BFBEB14 /* QueueItem.swift in Sources */ = {isa = PBXBuildFile; fileRef = 12C0501F3976D0CE0C6B0A5E /* QueueItem.swift */; };
		26F0AEF0C0149F1BA649C96A /* MmapFileReader.swift in Sources */ = {isa = PBXBuildFile; fileRef = 4E15587C6155BCFE5828C38F /* MmapFileReader.swift */; };
		578C1B5D1DA2F4F10B621D4B /* DetailView.swift in Sources */ = {isa = PBXBuildFile; fileRef = DE77E3565928551C05233D6C /* DetailView.swift */; };
		5A992CA3B1EE97122B58BD8A /* ModelManager.swift in Sources */ = {isa = PBXBuildFile; fileRef = 795DFC3F74D119F8A7A9D465 /* ModelManager.swift */; };
		650F84EFC72F70DCAA43CFE2 /* ContentView.swift in Sources */ = {isa = PBXBuildFile; fileRef = 71CADEDEBA1E99177DDE14F9 /* ContentView.swift */; };
		696625B121E739A7F5C2C025 /* Settings.swift in Sources */ = {isa = PBXBuildFile; fileRef = 5AAB5118D26876270E824886 /* Settings.swift */; };
		7514B13EF3D74422AD6048B3 /* CLIRunner.swift in Sources */ = {isa = PBXBuildFile; fileRef = 6D4697C6E0169DA4DB4344C9 /* CLIRunner.swift */; };
		8A0CB82646FAC9B5EADADF3F /* QueueManager.swift in Sources */ = {isa = PBXBuildFile; fileRef = 9A31B722400F2F5EE01D7646 /* QueueManager.swift */; };
		8F17E214E58FEB32D72AB403 /* media2ragApp.swift in Sources */ = {isa = PBXBuildFile; fileRef = A4FEA1A482D30FCC7FAA28FD /* media2ragApp.swift */; };
		9E35C9FAC892C635C5AB7F70 /* PreviewView.swift in Sources */ = {isa = PBXBuildFile; fileRef = EDFB9D8B6920F93E5B6ACE68 /* PreviewView.swift */; };
		AA8C389C14A7105B8B1570FD /* ToastManager.swift in Sources */ = {isa = PBXBuildFile; fileRef = F22BDD6533AAA42AF20882C2 /* ToastManager.swift */; };
		E566BEE0231E93641DAE9B5A /* ModelSelectorDropdown.swift in Sources */ = {isa = PBXBuildFile; fileRef = E569B0AE031267F6C6CDA6FA /* ModelSelectorDropdown.swift */; };
/* End PBXBuildFile section */

/* Begin PBXCopyFilesBuildPhase section */
		F9C90E53B0946FD867138D3C /* Embed Frameworks */ = {
			isa = PBXCopyFilesBuildPhase;
			buildActionMask = 2147483647;
			dstPath = "";
			dstSubfolderSpec = 10;
			files = (
			);
			name = "Embed Frameworks";
			runOnlyForDeploymentPostprocessing = 0;
		};
/* End PBXCopyFilesBuildPhase section */

/* Begin PBXFileReference section */
		12C0501F3976D0CE0C6B0A5E /* QueueItem.swift */ = {isa = PBXFileReference; lastKnownFileType = sourcecode.swift; path = QueueItem.swift; sourceTree = "<group>"; };
		4E15587C6155BCFE5828C38F /* MmapFileReader.swift */ = {isa = PBXFileReference; lastKnownFileType = sourcecode.swift; path = MmapFileReader.swift; sourceTree = "<group>"; };
		5AAB5118D26876270E824886 /* Settings.swift */ = {isa = PBXFileReference; lastKnownFileType = sourcecode.swift; path = Settings.swift; sourceTree = "<group>"; };
		6D4697C6E0169DA4DB4344C9 /* CLIRunner.swift */ = {isa = PBXFileReference; lastKnownFileType = sourcecode.swift; path = CLIRunner.swift; sourceTree = "<group>"; };
		71CADEDEBA1E99177DDE14F9 /* ContentView.swift */ = {isa = PBXFileReference; lastKnownFileType = sourcecode.swift; path = ContentView.swift; sourceTree = "<group>"; };
		7387DAE1B2656A391804C802 /* media2rag.entitlements */ = {isa = PBXFileReference; lastKnownFileType = text.plist.entitlements; path = media2rag.entitlements; sourceTree = "<group>"; };
		795DFC3F74D119F8A7A9D465 /* ModelManager.swift */ = {isa = PBXFileReference; lastKnownFileType = sourcecode.swift; path = ModelManager.swift; sourceTree = "<group>"; };
		848D5BD2DD65CAF2013B6B64 /* media2rag-Info.plist */ = {isa = PBXFileReference; lastKnownFileType = text.plist; path = "media2rag-Info.plist"; sourceTree = "<group>"; };
		8D808A0DFDF588129014E529 /* SettingsView.swift */ = {isa = PBXFileReference; lastKnownFileType = sourcecode.swift; path = SettingsView.swift; sourceTree = "<group>"; };
		9A31B722400F2F5EE01D7646 /* QueueManager.swift */ = {isa = PBXFileReference; lastKnownFileType = sourcecode.swift; path = QueueManager.swift; sourceTree = "<group>"; };
		A4FEA1A482D30FCC7FAA28FD /* media2ragApp.swift */ = {isa = PBXFileReference; lastKnownFileType = sourcecode.swift; path = media2ragApp.swift; sourceTree = "<group>"; };
		DE77E3565928551C05233D6C /* DetailView.swift */ = {isa = PBXFileReference; lastKnownFileType = sourcecode.swift; path = DetailView.swift; sourceTree = "<group>"; };
		E569B0AE031267F6C6CDA6FA /* ModelSelectorDropdown.swift */ = {isa = PBXFileReference; lastKnownFileType = sourcecode.swift; path = ModelSelectorDropdown.swift; sourceTree = "<group>"; };
		E911DBDC66F64D4F24D5257E /* ToastView.swift */ = {isa = PBXFileReference; lastKnownFileType = sourcecode.swift; path = ToastView.swift; sourceTree = "<group>"; };
		EDFB9D8B6920F93E5B6ACE68 /* PreviewView.swift */ = {isa = PBXFileReference; lastKnownFileType = sourcecode.swift; path = PreviewView.swift; sourceTree = "<group>"; };
		F22BDD6533AAA42AF20882C2 /* ToastManager.swift */ = {isa = PBXFileReference; lastKnownFileType = sourcecode.swift; path = ToastManager.swift; sourceTree = "<group>"; };
		F4AF57EFD94174295107957F /* media2rag.app */ = {isa = PBXFileReference; explicitFileType = wrapper.application; includeInIndex = 0; path = media2rag.app; sourceTree = BUILT_PRODUCTS_DIR; };
/* End PBXFileReference section */

/* Begin PBXFrameworksBuildPhase section */
		1DE1E967FF41D6F1629DDB9F /* Frameworks */ = {
			isa = PBXFrameworksBuildPhase;
			buildActionMask = 2147483647;
			files = (
			);
			runOnlyForDeploymentPostprocessing = 0;
		};
/* End PBXFrameworksBuildPhase section */

/* Begin PBXGroup section */
		5DBE635CD50672EEC4FE22F6 /* InfoPlists */ = {
			isa = PBXGroup;
			children = (
				848D5BD2DD65CAF2013B6B64 /* media2rag-Info.plist */,
			);
			path = InfoPlists;
			sourceTree = "<group>";
		};
		83CE68CA9F524D4032A793E7 /* Services */ = {
			isa = PBXGroup;
			children = (
				6D4697C6E0169DA4DB4344C9 /* CLIRunner.swift */,
				4E15587C6155BCFE5828C38F /* MmapFileReader.swift */,
				795DFC3F74D119F8A7A9D465 /* ModelManager.swift */,
				9A31B722400F2F5EE01D7646 /* QueueManager.swift */,
			);
			path = Services;
			sourceTree = "<group>";
		};
		87D27259899C64F9794538E5 /* Project */ = {
			isa = PBXGroup;
			children = (
				D84E98F010A0BF723C023330 /* Derived */,
				9B8646071C6CB9D957C4E34F /* media2rag */,
			);
			name = Project;
			sourceTree = "<group>";
		};
		92170F9FAF7DFB673B30D418 /* Models */ = {
			isa = PBXGroup;
			children = (
				12C0501F3976D0CE0C6B0A5E /* QueueItem.swift */,
				5AAB5118D26876270E824886 /* Settings.swift */,
			);
			path = Models;
			sourceTree = "<group>";
		};
		9B8646071C6CB9D957C4E34F /* media2rag */ = {
			isa = PBXGroup;
			children = (
				92170F9FAF7DFB673B30D418 /* Models */,
				83CE68CA9F524D4032A793E7 /* Services */,
				9C26A8258E4CC344664649A5 /* Views */,
				7387DAE1B2656A391804C802 /* media2rag.entitlements */,
				A4FEA1A482D30FCC7FAA28FD /* media2ragApp.swift */,
			);
			path = media2rag;
			sourceTree = "<group>";
		};
		9C26A8258E4CC344664649A5 /* Views */ = {
			isa = PBXGroup;
			children = (
				71CADEDEBA1E99177DDE14F9 /* ContentView.swift */,
				DE77E3565928551C05233D6C /* DetailView.swift */,
				E569B0AE031267F6C6CDA6FA /* ModelSelectorDropdown.swift */,
				EDFB9D8B6920F93E5B6ACE68 /* PreviewView.swift */,
				8D808A0DFDF588129014E529 /* SettingsView.swift */,
				F22BDD6533AAA42AF20882C2 /* ToastManager.swift */,
				E911DBDC66F64D4F24D5257E /* ToastView.swift */,
			);
			path = Views;
			sourceTree = "<group>";
		};
		AF11449B3654B9AD93ED933A = {
			isa = PBXGroup;
			children = (
				CB5827E6C3ECBD3C000141F6 /* Products */,
				87D27259899C64F9794538E5 /* Project */,
			);
			sourceTree = "<group>";
		};
		CB5827E6C3ECBD3C000141F6 /* Products */ = {
			isa = PBXGroup;
			children = (
				F4AF57EFD94174295107957F /* media2rag.app */,
			);
			name = Products;
			sourceTree = "<group>";
		};
		D84E98F010A0BF723C023330 /* Derived */ = {
			isa = PBXGroup;
			children = (
				5DBE635CD50672EEC4FE22F6 /* InfoPlists */,
			);
			path = Derived;
			sourceTree = "<group>";
		};
/* End PBXGroup section */

/* Begin PBXNativeTarget section */
		FBFA0CB7A623F36C33313057 /* media2rag */ = {
			isa = PBXNativeTarget;
			buildConfigurationList = 2A128E8A9D9B714A4D90F9D9 /* Build configuration list for PBXNativeTarget "media2rag" */;
			buildPhases = (
				33685509284829F1874BA5C0 /* Sources */,
				E9E8F57125A0111EE93A3AAA /* Resources */,
				1DE1E967FF41D6F1629DDB9F /* Frameworks */,
				F9C90E53B0946FD867138D3C /* Embed Frameworks */,
			);
			buildRules = (
			);
			dependencies = (
			);
			name = media2rag;
			packageProductDependencies = (
			);
			productName = media2rag;
			productReference = F4AF57EFD94174295107957F /* media2rag.app */;
			productType = "com.apple.product-type.application";
		};
/* End PBXNativeTarget section */

/* Begin PBXProject section */
		868E16EEC1AC6A2D888D7419 /* Project object */ = {
			isa = PBXProject;
			attributes = {
				BuildIndependentTargetsInParallel = YES;
				TargetAttributes = {
				};
			};
			buildConfigurationList = 8A4851FCA8444AD591C1D7E2 /* Build configuration list for PBXProject "media2rag" */;
			compatibilityVersion = "Xcode 14.0";
			developmentRegion = en;
			hasScannedForEncodings = 0;
			knownRegions = (
				Base,
				en,
			);
			mainGroup = AF11449B3654B9AD93ED933A;
			productRefGroup = CB5827E6C3ECBD3C000141F6 /* Products */;
			projectDirPath = "";
			projectRoot = "";
			targets = (
				FBFA0CB7A623F36C33313057 /* media2rag */,
			);
		};
/* End PBXProject section */

/* Begin PBXResourcesBuildPhase section */
		E9E8F57125A0111EE93A3AAA /* Resources */ = {
			isa = PBXResourcesBuildPhase;
			buildActionMask = 2147483647;
			files = (
			);
			runOnlyForDeploymentPostprocessing = 0;
		};
/* End PBXResourcesBuildPhase section */

/* Begin PBXSourcesBuildPhase section */
		33685509284829F1874BA5C0 /* Sources */ = {
			isa = PBXSourcesBuildPhase;
			buildActionMask = 2147483647;
			files = (
				1EAE9CDF0F23F30A0BFBEB14 /* QueueItem.swift in Sources */,
				696625B121E739A7F5C2C025 /* Settings.swift in Sources */,
				7514B13EF3D74422AD6048B3 /* CLIRunner.swift in Sources */,
				26F0AEF0C0149F1BA649C96A /* MmapFileReader.swift in Sources */,
				5A992CA3B1EE97122B58BD8A /* ModelManager.swift in Sources */,
				8A0CB82646FAC9B5EADADF3F /* QueueManager.swift in Sources */,
				650F84EFC72F70DCAA43CFE2 /* ContentView.swift in Sources */,
				578C1B5D1DA2F4F10B621D4B /* DetailView.swift in Sources */,
				E566BEE0231E93641DAE9B5A /* ModelSelectorDropdown.swift in Sources */,
				9E35C9FAC892C635C5AB7F70 /* PreviewView.swift in Sources */,
				12BA58D0A16863E75B0B58D0 /* SettingsView.swift in Sources */,
				AA8C389C14A7105B8B1570FD /* ToastManager.swift in Sources */,
				1B0D71B2E71DB92DFE3BC370 /* ToastView.swift in Sources */,
				8F17E214E58FEB32D72AB403 /* media2ragApp.swift in Sources */,
			);
			runOnlyForDeploymentPostprocessing = 0;
		};
/* End PBXSourcesBuildPhase section */

/* Begin XCBuildConfiguration section */
		7283CB3CB731D9EA41ABA4DC /* Debug */ = {
			isa = XCBuildConfiguration;
			buildSettings = {
				ALWAYS_SEARCH_USER_PATHS = NO;
				CLANG_ANALYZER_LOCALIZABILITY_NONLOCALIZED = YES;
				CLANG_ANALYZER_NONNULL = YES;
				CLANG_ANALYZER_NUMBER_OBJECT_CONVERSION = YES_AGGRESSIVE;
				CLANG_CXX_LANGUAGE_STANDARD = "gnu++14";
				CLANG_CXX_LIBRARY = "libc++";
				CLANG_ENABLE_MODULES = YES;
				CLANG_ENABLE_OBJC_ARC = YES;
				CLANG_ENABLE_OBJC_WEAK = YES;
				CLANG_WARN_BLOCK_CAPTURE_AUTORELEASING = YES;
				CLANG_WARN_BOOL_CONVERSION = YES;
				CLANG_WARN_COMMA = YES;
				CLANG_WARN_CONSTANT_CONVERSION = YES;
				CLANG_WARN_DEPRECATED_OBJC_IMPLEMENTATIONS = YES;
				CLANG_WARN_DIRECT_OBJC_ISA_USAGE = YES_ERROR;
				CLANG_WARN_DOCUMENTATION_COMMENTS = YES;
				CLANG_WARN_EMPTY_BODY = YES;
				CLANG_WARN_ENUM_CONVERSION = YES;
				CLANG_WARN_INFINITE_RECURSION = YES;
				CLANG_WARN_INT_CONVERSION = YES;
				CLANG_WARN_NON_LITERAL_NULL_CONVERSION = YES;
				CLANG_WARN_OBJC_IMPLICIT_RETAIN_SELF = YES;
				CLANG_WARN_OBJC_LITERAL_CONVERSION = YES;
				CLANG_WARN_OBJC_ROOT_CLASS = YES_ERROR;
				CLANG_WARN_QUOTED_INCLUDE_IN_FRAMEWORK_HEADER = YES;
				CLANG_WARN_RANGE_LOOP_ANALYSIS = YES;
				CLANG_WARN_STRICT_PROTOTYPES = YES;
				CLANG_WARN_SUSPICIOUS_MOVE = YES;
				CLANG_WARN_UNGUARDED_AVAILABILITY = YES_AGGRESSIVE;
				CLANG_WARN_UNREACHABLE_CODE = YES;
				CLANG_WARN__DUPLICATE_METHOD_MATCH = YES;
				COPY_PHASE_STRIP = NO;
				DEAD_CODE_STRIPPING = YES;
				DEBUG_INFORMATION_FORMAT = dwarf;
				ENABLE_STRICT_OBJC_MSGSEND = YES;
				ENABLE_TESTABILITY = YES;
				GCC_C_LANGUAGE_STANDARD = gnu11;
				GCC_DYNAMIC_NO_PIC = NO;
				GCC_NO_COMMON_BLOCKS = YES;
				GCC_OPTIMIZATION_LEVEL = 0;
				GCC_PREPROCESSOR_DEFINITIONS = (
					"DEBUG=1",
					"$(inherited)",
				);
				GCC_WARN_64_TO_32_BIT_CONVERSION = YES;
				GCC_WARN_ABOUT_RETURN_TYPE = YES_ERROR;
				GCC_WARN_UNDECLARED_SELECTOR = YES;
				GCC_WARN_UNINITIALIZED_AUTOS = YES_AGGRESSIVE;
				GCC_WARN_UNUSED_FUNCTION = YES;
				GCC_WARN_UNUSED_VARIABLE = YES;
				MTL_ENABLE_DEBUG_INFO = YES;
				ONLY_ACTIVE_ARCH = YES;
				PRODUCT_NAME = "$(TARGET_NAME)";
			};
			name = Debug;
		};
		7CB6F5A3BE14E5D4B6E6B94A /* Release */ = {
			isa = XCBuildConfiguration;
			buildSettings = {
				ALWAYS_SEARCH_USER_PATHS = NO;
				CLANG_ANALYZER_LOCALIZABILITY_NONLOCALIZED = YES;
				CLANG_ANALYZER_NONNULL = YES;
				CLANG_ANALYZER_NUMBER_OBJECT_CONVERSION = YES_AGGRESSIVE;
				CLANG_CXX_LANGUAGE_STANDARD = "gnu++14";
				CLANG_CXX_LIBRARY = "libc++";
				CLANG_ENABLE_MODULES = YES;
				CLANG_ENABLE_OBJC_ARC = YES;
				CLANG_ENABLE_OBJC_WEAK = YES;
				CLANG_WARN_BLOCK_CAPTURE_AUTORELEASING = YES;
				CLANG_WARN_BOOL_CONVERSION = YES;
				CLANG_WARN_COMMA = YES;
				CLANG_WARN_CONSTANT_CONVERSION = YES;
				CLANG_WARN_DEPRECATED_OBJC_IMPLEMENTATIONS = YES;
				CLANG_WARN_DIRECT_OBJC_ISA_USAGE = YES_ERROR;
				CLANG_WARN_DOCUMENTATION_COMMENTS = YES;
				CLANG_WARN_EMPTY_BODY = YES;
				CLANG_WARN_ENUM_CONVERSION = YES;
				CLANG_WARN_INFINITE_RECURSION = YES;
				CLANG_WARN_INT_CONVERSION = YES;
				CLANG_WARN_NON_LITERAL_NULL_CONVERSION = YES;
				CLANG_WARN_OBJC_IMPLICIT_RETAIN_SELF = YES;
				CLANG_WARN_OBJC_LITERAL_CONVERSION = YES;
				CLANG_WARN_OBJC_ROOT_CLASS = YES_ERROR;
				CLANG_WARN_QUOTED_INCLUDE_IN_FRAMEWORK_HEADER = YES;
				CLANG_WARN_RANGE_LOOP_ANALYSIS = YES;
				CLANG_WARN_STRICT_PROTOTYPES = YES;
				CLANG_WARN_SUSPICIOUS_MOVE = YES;
				CLANG_WARN_UNGUARDED_AVAILABILITY = YES_AGGRESSIVE;
				CLANG_WARN_UNREACHABLE_CODE = YES;
				CLANG_WARN__DUPLICATE_METHOD_MATCH = YES;
				COPY_PHASE_STRIP = NO;
				DEAD_CODE_STRIPPING = YES;
				DEBUG_INFORMATION_FORMAT = "dwarf-with-dsym";
				ENABLE_NS_ASSERTIONS = NO;
				ENABLE_STRICT_OBJC_MSGSEND = YES;
				GCC_C_LANGUAGE_STANDARD = gnu11;
				GCC_NO_COMMON_BLOCKS = YES;
				GCC_WARN_64_TO_32_BIT_CONVERSION = YES;
				GCC_WARN_ABOUT_RETURN_TYPE = YES_ERROR;
				GCC_WARN_UNDECLARED_SELECTOR = YES;
				GCC_WARN_UNINITIALIZED_AUTOS = YES_AGGRESSIVE;
				GCC_WARN_UNUSED_FUNCTION = YES;
				GCC_WARN_UNUSED_VARIABLE = YES;
				MTL_ENABLE_DEBUG_INFO = NO;
				PRODUCT_NAME = "$(TARGET_NAME)";
				VALIDATE_PRODUCT = YES;
			};
			name = Release;
		};
		83075176BCCED579397BBF07 /* Release */ = {
			isa = XCBuildConfiguration;
			buildSettings = {
				ASSETCATALOG_COMPILER_APPICON_NAME = AppIcon;
				ASSETCATALOG_COMPILER_GLOBAL_ACCENT_COLOR_NAME = AccentColor;
				CODE_SIGN_ENTITLEMENTS = media2rag/media2rag.entitlements;
				CODE_SIGN_IDENTITY = "-";
				COMBINE_HIDPI_IMAGES = YES;
				ENABLE_PREVIEWS = YES;
				INFOPLIST_FILE = "Derived/InfoPlists/media2rag-Info.plist";
				LD_RUNPATH_SEARCH_PATHS = (
					"$(inherited)",
					"@executable_path/../Frameworks",
				);
				MACOSX_DEPLOYMENT_TARGET = 14.0;
				PRODUCT_BUNDLE_IDENTIFIER = com.media2rag.app;
				PRODUCT_NAME = media2rag;
				SDKROOT = macosx;
				SWIFT_COMPILATION_MODE = wholemodule;
				SWIFT_OPTIMIZATION_LEVEL = "-O";
				SWIFT_VERSION = 5.0;
			};
			name = Release;
		};
		DD988BC8E7B5BD9B6C808F8C /* Debug */ = {
			isa = XCBuildConfiguration;
			buildSettings = {
				ASSETCATALOG_COMPILER_APPICON_NAME = AppIcon;
				ASSETCATALOG_COMPILER_GLOBAL_ACCENT_COLOR_NAME = AccentColor;
				CODE_SIGN_ENTITLEMENTS = media2rag/media2rag.entitlements;
				CODE_SIGN_IDENTITY = "-";
				COMBINE_HIDPI_IMAGES = YES;
				ENABLE_PREVIEWS = YES;
				INFOPLIST_FILE = "Derived/InfoPlists/media2rag-Info.plist";
				LD_RUNPATH_SEARCH_PATHS = (
					"$(inherited)",
					"@executable_path/../Frameworks",
				);
				MACOSX_DEPLOYMENT_TARGET = 14.0;
				PRODUCT_BUNDLE_IDENTIFIER = com.media2rag.app;
				PRODUCT_NAME = media2rag;
				SDKROOT = macosx;
				SWIFT_ACTIVE_COMPILATION_CONDITIONS = (
					"$(inherited)",
					DEBUG,
				);
				SWIFT_COMPILATION_MODE = singlefile;
				SWIFT_OPTIMIZATION_LEVEL = "-Onone";
				SWIFT_VERSION = 5.0;
			};
			name = Debug;
		};
/* End XCBuildConfiguration section */

/* Begin XCConfigurationList section */
		2A128E8A9D9B714A4D90F9D9 /* Build configuration list for PBXNativeTarget "media2rag" */ = {
			isa = XCConfigurationList;
			buildConfigurations = (
				DD988BC8E7B5BD9B6C808F8C /* Debug */,
				83075176BCCED579397BBF07 /* Release */,
			);
			defaultConfigurationIsVisible = 0;
			defaultConfigurationName = Release;
		};
		8A4851FCA8444AD591C1D7E2 /* Build configuration list for PBXProject "media2rag" */ = {
			isa = XCConfigurationList;
			buildConfigurations = (
				7283CB3CB731D9EA41ABA4DC /* Debug */,
				7CB6F5A3BE14E5D4B6E6B94A /* Release */,
			);
			defaultConfigurationIsVisible = 0;
			defaultConfigurationName = Release;
		};
/* End XCConfigurationList section */
	};
	rootObject = 868E16EEC1AC6A2D888D7419 /* Project object */;
}
